
Microsoft Visual Studio Solution File, Format Version 12.00
# Visual Studio 15
VisualStudioVersion = 15.0.26124.0
MinimumVisualStudioVersion = 15.0.26124.0
Project("{FAE04EC0-301F-11D3-BF4B-00C04F79EFBC}") = "coaliter", "coaliter\coaliter.csproj", "{F0E795EE-B62C-4475-957F-9C415BA6CC67}"
EndProject
Project("{FAE04EC0-301F-11D3-BF4B-00C04F79EFBC}") = "db", "db\db.csproj", "{ABE0ECFB-D2CA-40DB-898B-C77223E1D6F3}"
EndProject
Project("{FAE04EC0-301F-11D3-BF4B-00C04F79EFBC}") = "coahoarder", "coahoarder\coahoarder.csproj", "{4185C3E7-15E3-4D8E-9B45-DB72ABDB225D}"
EndProject
Project("{FAE04EC0-301F-11D3-BF4B-00C04F79EFBC}") = "coaget", "coaget\coaget.csproj", "{076E2A54-E7B0-497C-B1D2-DB4835FC9C93}"
EndProject
Project("{FAE04EC0-301F-11D3-BF4B-00C04F79EFBC}") = "coakeygen", "coakeygen\coaget.csproj", "{2E4B9555-29B0-4FE6-BCE6-C0E4551E0E10}"
EndProject
Global
	GlobalSection(SolutionConfigurationPlatforms) = preSolution
		Debug|Any CPU = Debug|Any CPU
		Debug|x64 = Debug|x64
		Debug|x86 = Debug|x86
		Release|Any CPU = Release|Any CPU
		Release|x64 = Release|x64
		Release|x86 = Release|x86
	EndGlobalSection
	GlobalSection(SolutionProperties) = preSolution
		HideSolutionNode = FALSE
	EndGlobalSection
	GlobalSection(ProjectConfigurationPlatforms) = postSolution
		{F0E795EE-B62C-4475-957F-9C415BA6CC67}.Debug|Any CPU.ActiveCfg = Debug|Any CPU
		{F0E795EE-B62C-4475-957F-9C415BA6CC67}.Debug|Any CPU.Build.0 = Debug|Any CPU
		{F0E795EE-B62C-4475-957F-9C415BA6CC67}.Debug|x64.ActiveCfg = Debug|Any CPU
		{F0E795EE-B62C-4475-957F-9C415BA6CC67}.Debug|x64.Build.0 = Debug|Any CPU
		{F0E795EE-B62C-4475-957F-9C415BA6CC67}.Debug|x86.ActiveCfg = Debug|Any CPU
		{F0E795EE-B62C-4475-957F-9C415BA6CC67}.Debug|x86.Build.0 = Debug|Any CPU
		{F0E795EE-B62C-4475-957F-9C415BA6CC67}.Release|Any CPU.ActiveCfg = Release|Any CPU
		{F0E795EE-B62C-4475-957F-9C415BA6CC67}.Release|Any CPU.Build.0 = Release|Any CPU
		{F0E795EE-B62C-4475-957F-9C415BA6CC67}.Release|x64.ActiveCfg = Release|Any CPU
		{F0E795EE-B62C-4475-957F-9C415BA6CC67}.Release|x64.Build.0 = Release|Any CPU
		{F0E795EE-B62C-4475-957F-9C415BA6CC67}.Release|x86.ActiveCfg = Release|Any CPU
		{F0E795EE-B62C-4475-957F-9C415BA6CC67}.Release|x86.Build.0 = Release|Any CPU
		{ABE0ECFB-D2CA-40DB-898B-C77223E1D6F3}.Debug|Any CPU.ActiveCfg = Debug|Any CPU
		{ABE0ECFB-D2CA-40DB-898B-C77223E1D6F3}.Debug|Any CPU.Build.0 = Debug|Any CPU
		{ABE0ECFB-D2CA-40DB-898B-C77223E1D6F3}.Debug|x64.ActiveCfg = Debug|Any CPU
		{ABE0ECFB-D2CA-40DB-898B-C77223E1D6F3}.Debug|x64.Build.0 = Debug|Any CPU
		{ABE0ECFB-D2CA-40DB-898B-C77223E1D6F3}.Debug|x86.ActiveCfg = Debug|Any CPU
		{ABE0ECFB-D2CA-40DB-898B-C77223E1D6F3}.Debug|x86.Build.0 = Debug|Any CPU
		{ABE0ECFB-D2CA-40DB-898B-C77223E1D6F3}.Release|Any CPU.ActiveCfg = Release|Any CPU
		{ABE0ECFB-D2CA-40DB-898B-C77223E1D6F3}.Release|Any CPU.Build.0 = Release|Any CPU
		{ABE0ECFB-D2CA-40DB-898B-C77223E1D6F3}.Release|x64.ActiveCfg = Release|Any CPU
		{ABE0ECFB-D2CA-40DB-898B-C77223E1D6F3}.Release|x64.Build.0 = Release|Any CPU
		{ABE0ECFB-D2CA-40DB-898B-C77223E1D6F3}.Release|x86.ActiveCfg = Release|Any CPU
		{ABE0ECFB-D2CA-40DB-898B-C77223E1D6F3}.Release|x86.Build.0 = Release|Any CPU
		{4185C3E7-15E3-4D8E-9B45-DB72ABDB225D}.Debug|Any CPU.ActiveCfg = Debug|Any CPU
		{4185C3E7-15E3-4D8E-9B45-DB72ABDB225D}.Debug|Any CPU.Build.0 = Debug|Any CPU
		{4185C3E7-15E3-4D8E-9B45-DB72ABDB225D}.Debug|x64.ActiveCfg = Debug|Any CPU
		{4185C3E7-15E3-4D8E-9B45-DB72ABDB225D}.Debug|x64.Build.0 = Debug|Any CPU
		{4185C3E7-15E3-4D8E-9B45-DB72ABDB225D}.Debug|x86.ActiveCfg = Debug|Any CPU
		{4185C3E7-15E3-4D8E-9B45-DB72ABDB225D}.Debug|x86.Build.0 = Debug|Any CPU
		{4185C3E7-15E3-4D8E-9B45-DB72ABDB225D}.Release|Any CPU.ActiveCfg = Release|Any CPU
		{4185C3E7-15E3-4D8E-9B45-DB72ABDB225D}.Release|Any CPU.Build.0 = Release|Any CPU
		{4185C3E7-15E3-4D8E-9B45-DB72ABDB225D}.Release|x64.ActiveCfg = Release|Any CPU
		{4185C3E7-15E3-4D8E-9B45-DB72ABDB225D}.Release|x64.Build.0 = Release|Any CPU
		{4185C3E7-15E3-4D8E-9B45-DB72ABDB225D}.Release|x86.ActiveCfg = Release|Any CPU
		{4185C3E7-15E3-4D8E-9B45-DB72ABDB225D}.Release|x86.Build.0 = Release|Any CPU
		{076E2A54-E7B0-497C-B1D2-DB4835FC9C93}.Debug|Any CPU.ActiveCfg = Debug|Any CPU
		{076E2A54-E7B0-497C-B1D2-DB4835FC9C93}.Debug|Any CPU.Build.0 = Debug|Any CPU
		{076E2A54-E7B0-497C-B1D2-DB4835FC9C93}.Debug|x64.ActiveCfg = Debug|Any CPU
		{076E2A54-E7B0-497C-B1D2-DB4835FC9C93}.Debug|x64.Build.0 = Debug|Any CPU
		{076E2A54-E7B0-497C-B1D2-DB4835FC9C93}.Debug|x86.ActiveCfg = Debug|Any CPU
		{076E2A54-E7B0-497C-B1D2-DB4835FC9C93}.Debug|x86.Build.0 = Debug|Any CPU
		{076E2A54-E7B0-497C-B1D2-DB4835FC9C93}.Release|Any CPU.ActiveCfg = Release|Any CPU
		{076E2A54-E7B0-497C-B1D2-DB4835FC9C93}.Release|Any CPU.Build.0 = Release|Any CPU
		{076E2A54-E7B0-497C-B1D2-DB4835FC9C93}.Release|x64.ActiveCfg = Release|Any CPU
		{076E2A54-E7B0-497C-B1D2-DB4835FC9C93}.Release|x64.Build.0 = Release|Any CPU
		{076E2A54-E7B0-497C-B1D2-DB4835FC9C93}.Release|x86.ActiveCfg = Release|Any CPU
		{076E2A54-E7B0-497C-B1D2-DB4835FC9C93}.Release|x86.Build.0 = Release|Any CPU
		{2E4B9555-29B0-4FE6-BCE6-C0E4551E0E10}.Debug|Any CPU.ActiveCfg = Debug|Any CPU
		{2E4B9555-29B0-4FE6-BCE6-C0E4551E0E10}.Debug|Any CPU.Build.0 = Debug|Any CPU
		{2E4B9555-29B0-4FE6-BCE6-C0E4551E0E10}.Debug|x64.ActiveCfg = Debug|Any CPU
		{2E4B9555-29B0-4FE6-BCE6-C0E4551E0E10}.Debug|x64.Build.0 = Debug|Any CPU
		{2E4B9555-29B0-4FE6-BCE6-C0E4551E0E10}.Debug|x86.ActiveCfg = Debug|Any CPU
		{2E4B9555-29B0-4FE6-BCE6-C0E4551E0E10}.Debug|x86.Build.0 = Debug|Any CPU
		{2E4B9555-29B0-4FE6-BCE6-C0E4551E0E10}.Release|Any CPU.ActiveCfg = Release|Any CPU
		{2E4B9555-29B0-4FE6-BCE6-C0E4551E0E10}.Release|Any CPU.Build.0 = Release|Any CPU
		{2E4B9555-29B0-4FE6-BCE6-C0E4551E0E10}.Release|x64.ActiveCfg = Release|Any CPU
		{2E4B9555-29B0-4FE6-BCE6-C0E4551E0E10}.Release|x64.Build.0 = Release|Any CPU
		{2E4B9555-29B0-4FE6-BCE6-C0E4551E0E10}.Release|x86.ActiveCfg = Release|Any CPU
		{2E4B9555-29B0-4FE6-BCE6-C0E4551E0E10}.Release|x86.Build.0 = Release|Any CPU
	EndGlobalSection
EndGlobal
